
Microsoft Visual Studio Solution File, Format Version 12.00
# Visual Studio 15
Project("{FAE04EC0-301F-11D3-BF4B-00C04F79EFBC}") = "HttpDownLoad", "HttpDownLoad.csproj", "{3947981A-90FA-3A00-9578-A6779B32BEC8}"
EndProject
Project("{FAE04EC0-301F-11D3-BF4B-00C04F79EFBC}") = "HttpDownLoad.Editor", "HttpDownLoad.Editor.csproj", "{B702F165-052B-642A-10D1-88D95D1EE1AC}"
EndProject
Global
	GlobalSection(SolutionConfigurationPlatforms) = preSolution
		Debug|Any CPU = Debug|Any CPU
		Release|Any CPU = Release|Any CPU
	EndGlobalSection
	GlobalSection(ProjectConfigurationPlatforms) = postSolution
		{3947981A-90FA-3A00-9578-A6779B32BEC8}.Debug|Any CPU.ActiveCfg = Debug|Any CPU
		{3947981A-90FA-3A00-9578-A6779B32BEC8}.Debug|Any CPU.Build.0 = Debug|Any CPU
		{3947981A-90FA-3A00-9578-A6779B32BEC8}.Release|Any CPU.ActiveCfg = Release|Any CPU
		{3947981A-90FA-3A00-9578-A6779B32BEC8}.Release|Any CPU.Build.0 = Release|Any CPU
		{B702F165-052B-642A-10D1-88D95D1EE1AC}.Debug|Any CPU.ActiveCfg = Debug|Any CPU
		{B702F165-052B-642A-10D1-88D95D1EE1AC}.Debug|Any CPU.Build.0 = Debug|Any CPU
		{B702F165-052B-642A-10D1-88D95D1EE1AC}.Release|Any CPU.ActiveCfg = Release|Any CPU
		{B702F165-052B-642A-10D1-88D95D1EE1AC}.Release|Any CPU.Build.0 = Release|Any CPU
	EndGlobalSection
	GlobalSection(SolutionProperties) = preSolution
		HideSolutionNode = FALSE
	EndGlobalSection
EndGlobal
